
Microsoft Visual Studio Solution File, Format Version 12.00
# Visual Studio Version 16
VisualStudioVersion = 16.0.30128.74
MinimumVisualStudioVersion = 10.0.40219.1
Project("{FAE04EC0-301F-11D3-BF4B-00C04F79EFBC}") = "SmartLyoko", "SmartLyoko\SmartLyoko.csproj", "{31B55E08-AE8B-43C0-9F93-7817D127B27B}"
EndProject
Global
	GlobalSection(SolutionConfigurationPlatforms) = preSolution
		Debug|Any CPU = Debug|Any CPU
		Release|Any CPU = Release|Any CPU
	EndGlobalSection
	GlobalSection(ProjectConfigurationPlatforms) = postSolution
		{31B55E08-AE8B-43C0-9F93-7817D127B27B}.Debug|Any CPU.ActiveCfg = Debug|Any CPU
		{31B55E08-AE8B-43C0-9F93-7817D127B27B}.Debug|Any CPU.Build.0 = Debug|Any CPU
		{31B55E08-AE8B-43C0-9F93-7817D127B27B}.Release|Any CPU.ActiveCfg = Release|Any CPU
		{31B55E08-AE8B-43C0-9F93-7817D127B27B}.Release|Any CPU.Build.0 = Release|Any CPU
	EndGlobalSection
	GlobalSection(SolutionProperties) = preSolution
		HideSolutionNode = FALSE
	EndGlobalSection
	GlobalSection(ExtensibilityGlobals) = postSolution
		SolutionGuid = {FFDE9881-8510-4204-BFAB-8A0986D492AD}
	EndGlobalSection
EndGlobal
